
Microsoft Visual Studio Solution File, Format Version 12.00
# Visual Studio Version 16
VisualStudioVersion = 16.0.29613.14
MinimumVisualStudioVersion = 10.0.40219.1
Project("{FAE04EC0-301F-11D3-BF4B-00C04F79EFBC}") = "Example", "Example\Example.csproj", "{4F1CAD21-14BA-4C5B-9D05-095769C53AC7}"
EndProject
Project("{FAE04EC0-301F-11D3-BF4B-00C04F79EFBC}") = "GoertzelAlgorithmLibrary", "GoertzelAlgorithmLibrary\GoertzelAlgorithmLibrary.csproj", "{E45E0477-CD5F-4E8F-BDA3-C3A1B720ACCC}"
EndProject
Global
	GlobalSection(SolutionConfigurationPlatforms) = preSolution
		Debug|Any CPU = Debug|Any CPU
		Release|Any CPU = Release|Any CPU
	EndGlobalSection
	GlobalSection(ProjectConfigurationPlatforms) = postSolution
		{4F1CAD21-14BA-4C5B-9D05-095769C53AC7}.Debug|Any CPU.ActiveCfg = Debug|Any CPU
		{4F1CAD21-14BA-4C5B-9D05-095769C53AC7}.Debug|Any CPU.Build.0 = Debug|Any CPU
		{4F1CAD21-14BA-4C5B-9D05-095769C53AC7}.Release|Any CPU.ActiveCfg = Release|Any CPU
		{4F1CAD21-14BA-4C5B-9D05-095769C53AC7}.Release|Any CPU.Build.0 = Release|Any CPU
		{E45E0477-CD5F-4E8F-BDA3-C3A1B720ACCC}.Debug|Any CPU.ActiveCfg = Debug|Any CPU
		{E45E0477-CD5F-4E8F-BDA3-C3A1B720ACCC}.Debug|Any CPU.Build.0 = Debug|Any CPU
		{E45E0477-CD5F-4E8F-BDA3-C3A1B720ACCC}.Release|Any CPU.ActiveCfg = Release|Any CPU
		{E45E0477-CD5F-4E8F-BDA3-C3A1B720ACCC}.Release|Any CPU.Build.0 = Release|Any CPU
	EndGlobalSection
	GlobalSection(SolutionProperties) = preSolution
		HideSolutionNode = FALSE
	EndGlobalSection
	GlobalSection(ExtensibilityGlobals) = postSolution
		SolutionGuid = {C858A30F-E62A-4328-81F2-3FDC27CB6B35}
	EndGlobalSection
EndGlobal
